
Microsoft Visual Studio Solution File, Format Version 12.00
# Visual Studio Version 17
VisualStudioVersion = 17.8.34511.84
MinimumVisualStudioVersion = 10.0.40219.1
Project("{FAE04EC0-301F-11D3-BF4B-00C04F79EFBC}") = "OMRON - IFZ Viewer", "OMRON - IFZ Viewer.csproj", "{3BB1F348-1F37-48CD-A743-73C527756C92}"
EndProject
Project("{54435603-DBB4-11D2-8724-00A0C9A8B90C}") = "Setup OMRON IFZ Viewer", "SETUP\Setup OMRON IFZ Viewer\Setup OMRON IFZ Viewer.vdproj", "{53F5FAEE-9F27-474A-B009-46A2BED6DA95}"
EndProject
Global
	GlobalSection(SolutionConfigurationPlatforms) = preSolution
		Debug|Any CPU = Debug|Any CPU
		Release|Any CPU = Release|Any CPU
	EndGlobalSection
	GlobalSection(ProjectConfigurationPlatforms) = postSolution
		{3BB1F348-1F37-48CD-A743-73C527756C92}.Debug|Any CPU.ActiveCfg = Debug|Any CPU
		{3BB1F348-1F37-48CD-A743-73C527756C92}.Debug|Any CPU.Build.0 = Debug|Any CPU
		{3BB1F348-1F37-48CD-A743-73C527756C92}.Release|Any CPU.ActiveCfg = Release|Any CPU
		{3BB1F348-1F37-48CD-A743-73C527756C92}.Release|Any CPU.Build.0 = Release|Any CPU
		{53F5FAEE-9F27-474A-B009-46A2BED6DA95}.Debug|Any CPU.ActiveCfg = Debug
		{53F5FAEE-9F27-474A-B009-46A2BED6DA95}.Release|Any CPU.ActiveCfg = Release
	EndGlobalSection
	GlobalSection(SolutionProperties) = preSolution
		HideSolutionNode = FALSE
	EndGlobalSection
	GlobalSection(ExtensibilityGlobals) = postSolution
		SolutionGuid = {2A8B4CFC-83F1-4850-A47D-E136B9503456}
	EndGlobalSection
EndGlobal
